github.com/nXnUs25/myGoModule v1.1.0 h1:E7fM+2kDOs64K31+DA4zYNy+3yFw31Er/7diU/5YIr0=
github.com/nXnUs25/myGoModule/v2 v2.0.0 h1:3rpBD7OYwPwLDabeeldPXNa+RkgWZw9evTTI/NPia2Y=
github.com/nXnUs25/myGoModule/v2 v2.0.0/go.mod h1:eAJOtZ2dyicxXQ9AmURPQo6ODeiWhTKQoEehQdiNy8M=
github.com/nXnUs25/myGoModule/v2 v2.0.1 h1:7c7p7nSBNnTBMq/kuqpnJqv4oSPgqc9cFI/G2KNEzkI=
github.com/nXnUs25/myGoModule/v2 v2.0.1/go.mod h1:eAJOtZ2dyicxXQ9AmURPQo6ODeiWhTKQoEehQdiNy8M=
github.com/nXnUs25/myGoModule/v2 v2.0.2 h1:q1rj71BKumGyESKCNiRdG64JWCIVbqA0QpQwCC6S2Ro=
github.com/nXnUs25/myGoModule/v2 v2.0.2/go.mod h1:eAJOtZ2dyicxXQ9AmURPQo6ODeiWhTKQoEehQdiNy8M=
