github.com/feyeleanor/gosqlite3 v0.0.0-20120705011319-c9b89839029c h1:S6jOKzKmK0g/6e8NtSf96Y0ZPhT18UK8JADQN79aMlc=
github.com/feyeleanor/gosqlite3 v0.0.0-20120705011319-c9b89839029c/go.mod h1:GaPyJLWwp51LyCkUnvovUxvAHAGjdRfq6hgwO4DSauQ=
github.com/mattn/go-sqlite3 v1.14.12 h1:TJ1bhYJPV44phC+IMu1u2K/i5RriLTPe+yc68XDJ1Z0=
github.com/mattn/go-sqlite3 v1.14.12/go.mod h1:NyWgC/yNuGj7Q9rpYnZvas74GogHl5/Z4A/KQRfk6bU=
github.com/phf/go-sqlite3 v0.0.0-20131126014027-651e91a4ca85 h1:B7WwibNr+WxIGjpIjWqq9CMCqCJsvlrryS3gqFw5LnQ=
github.com/phf/go-sqlite3 v0.0.0-20131126014027-651e91a4ca85/go.mod h1:J2qmqXwyhYRPgKgRyA0ktrVsbYz5qgoAasjKDX8mcL4=
