github.com/nXnUs25/gopackage v1.0.1-0.20220403173546-a657cbc7f46f h1:FEzLLDQrZWgT7ffpIzp4ZX5iigxjpXakfLS70UHn0ME=
github.com/nXnUs25/gopackage v1.0.1-0.20220403173546-a657cbc7f46f/go.mod h1:di49i3GSy2TuhD5FWXZmN74Iet0ElDbd6wxWBRu4ozo=
github.com/nXnUs25/gopackage v1.0.1 h1:Lr0sQ6C8ie6iWxxzUoD2BRZwSfKsbNJ/AAnkZpAYfOg=
github.com/nXnUs25/gopackage v1.0.1/go.mod h1:di49i3GSy2TuhD5FWXZmN74Iet0ElDbd6wxWBRu4ozo=
