github.com/nXnUs25/myGoModule v1.0.0 h1:GmYj4yTWhzI/5HrOg5DvhVDL2JLAV8pnQm222bjprP0=
github.com/nXnUs25/myGoModule v1.0.0/go.mod h1:yBlFYK9noBhrbrDyH7+eHcxlUwrhpO6ajdTZVFtxQcw=
github.com/nXnUs25/myGoModule v1.1.0 h1:E7fM+2kDOs64K31+DA4zYNy+3yFw31Er/7diU/5YIr0=
github.com/nXnUs25/myGoModule v1.1.0/go.mod h1:yBlFYK9noBhrbrDyH7+eHcxlUwrhpO6ajdTZVFtxQcw=
